// !$*UTF8*$!
{
	archiveVersion = 1;
	classes = {
	};
	objectVersion = 51;
	objects = {

/* Begin PBXBuildFile section */
		1C7BAB142282251100B0AAE2 /* AppDelegate.swift in Sources */ = {isa = PBXBuildFile; fileRef = 1C7BAB132282251100B0AAE2 /* AppDelegate.swift */; };
		1C7BAB182282251200B0AAE2 /* Assets.xcassets in Resources */ = {isa = PBXBuildFile; fileRef = 1C7BAB172282251200B0AAE2 /* Assets.xcassets */; };
		1C7BAB1B2282251200B0AAE2 /* Main.storyboard in Resources */ = {isa = PBXBuildFile; fileRef = 1C7BAB192282251200B0AAE2 /* Main.storyboard */; };
		1C7BAB262282262800B0AAE2 /* Extensions.swift in Sources */ = {isa = PBXBuildFile; fileRef = 1C7BAB252282262800B0AAE2 /* Extensions.swift */; };
		1CB1A3DE242E53E8008C7394 /* Localizable.strings in Resources */ = {isa = PBXBuildFile; fileRef = 1CB1A3E0242E53E8008C7394 /* Localizable.strings */; };
		1CDB361324A6661100A79BF4 /* SecretPanel.swift in Sources */ = {isa = PBXBuildFile; fileRef = 1CDB361224A6661100A79BF4 /* SecretPanel.swift */; };
		D6DFD52AF30B951EA3B38DD5 /* Pods_SecretDesktop.framework in Frameworks */ = {isa = PBXBuildFile; fileRef = 51034ADFF5202B4B0A855ECB /* Pods_SecretDesktop.framework */; };
/* End PBXBuildFile section */

/* Begin PBXFileReference section */
		1C7BAB102282251100B0AAE2 /* SecretDesktop.app */ = {isa = PBXFileReference; explicitFileType = wrapper.application; includeInIndex = 0; path = SecretDesktop.app; sourceTree = BUILT_PRODUCTS_DIR; };
		1C7BAB132282251100B0AAE2 /* AppDelegate.swift */ = {isa = PBXFileReference; lastKnownFileType = sourcecode.swift; path = AppDelegate.swift; sourceTree = "<group>"; };
		1C7BAB172282251200B0AAE2 /* Assets.xcassets */ = {isa = PBXFileReference; lastKnownFileType = folder.assetcatalog; path = Assets.xcassets; sourceTree = "<group>"; };
		1C7BAB1A2282251200B0AAE2 /* Base */ = {isa = PBXFileReference; lastKnownFileType = file.storyboard; name = Base; path = Base.lproj/Main.storyboard; sourceTree = "<group>"; };
		1C7BAB1C2282251200B0AAE2 /* Info.plist */ = {isa = PBXFileReference; lastKnownFileType = text.plist.xml; path = Info.plist; sourceTree = "<group>"; };
		1C7BAB1D2282251200B0AAE2 /* SecretDesktop.entitlements */ = {isa = PBXFileReference; lastKnownFileType = text.plist.entitlements; path = SecretDesktop.entitlements; sourceTree = "<group>"; };
		1C7BAB252282262800B0AAE2 /* Extensions.swift */ = {isa = PBXFileReference; lastKnownFileType = sourcecode.swift; path = Extensions.swift; sourceTree = "<group>"; };
		1CB1A3DB242DF67D008C7394 /* ja */ = {isa = PBXFileReference; lastKnownFileType = file.storyboard; name = ja; path = ja.lproj/Main.storyboard; sourceTree = "<group>"; };
		1CB1A3DF242E53E8008C7394 /* en */ = {isa = PBXFileReference; lastKnownFileType = text.plist.strings; name = en; path = en.lproj/Localizable.strings; sourceTree = "<group>"; };
		1CB1A3E1242E5402008C7394 /* ja */ = {isa = PBXFileReference; lastKnownFileType = text.plist.strings; name = ja; path = ja.lproj/Localizable.strings; sourceTree = "<group>"; };
		1CDB361224A6661100A79BF4 /* SecretPanel.swift */ = {isa = PBXFileReference; lastKnownFileType = sourcecode.swift; path = SecretPanel.swift; sourceTree = "<group>"; };
		51034ADFF5202B4B0A855ECB /* Pods_SecretDesktop.framework */ = {isa = PBXFileReference; explicitFileType = wrapper.framework; includeInIndex = 0; path = Pods_SecretDesktop.framework; sourceTree = BUILT_PRODUCTS_DIR; };
		624CFDFE9B883273834C6DB5 /* Pods-SecretDesktop.release.xcconfig */ = {isa = PBXFileReference; includeInIndex = 1; lastKnownFileType = text.xcconfig; name = "Pods-SecretDesktop.release.xcconfig"; path = "Target Support Files/Pods-SecretDesktop/Pods-SecretDesktop.release.xcconfig"; sourceTree = "<group>"; };
		AC3FB20DDAE73E3D375B296A /* Pods-SecretDesktop.debug.xcconfig */ = {isa = PBXFileReference; includeInIndex = 1; lastKnownFileType = text.xcconfig; name = "Pods-SecretDesktop.debug.xcconfig"; path = "Target Support Files/Pods-SecretDesktop/Pods-SecretDesktop.debug.xcconfig"; sourceTree = "<group>"; };
/* End PBXFileReference section */

/* Begin PBXFrameworksBuildPhase section */
		1C7BAB0D2282251100B0AAE2 /* Frameworks */ = {
			isa = PBXFrameworksBuildPhase;
			buildActionMask = 2147483647;
			files = (
				D6DFD52AF30B951EA3B38DD5 /* Pods_SecretDesktop.framework in Frameworks */,
			);
			runOnlyForDeploymentPostprocessing = 0;
		};
/* End PBXFrameworksBuildPhase section */

/* Begin PBXGroup section */
		1C7BAB072282251100B0AAE2 = {
			isa = PBXGroup;
			children = (
				1C7BAB122282251100B0AAE2 /* SecretDesktop */,
				1C7BAB112282251100B0AAE2 /* Products */,
				B52B169FDAA763FDD3BC308B /* Pods */,
				221896502C43F88E46AB5053 /* Frameworks */,
			);
			sourceTree = "<group>";
		};
		1C7BAB112282251100B0AAE2 /* Products */ = {
			isa = PBXGroup;
			children = (
				1C7BAB102282251100B0AAE2 /* SecretDesktop.app */,
			);
			name = Products;
			sourceTree = "<group>";
		};
		1C7BAB122282251100B0AAE2 /* SecretDesktop */ = {
			isa = PBXGroup;
			children = (
				1C7BAB252282262800B0AAE2 /* Extensions.swift */,
				1C7BAB132282251100B0AAE2 /* AppDelegate.swift */,
				1C7BAB192282251200B0AAE2 /* Main.storyboard */,
				1CDB361224A6661100A79BF4 /* SecretPanel.swift */,
				1C7BAB172282251200B0AAE2 /* Assets.xcassets */,
				1C7BAB1C2282251200B0AAE2 /* Info.plist */,
				1C7BAB1D2282251200B0AAE2 /* SecretDesktop.entitlements */,
				1CB1A3E0242E53E8008C7394 /* Localizable.strings */,
			);
			path = SecretDesktop;
			sourceTree = "<group>";
		};
		221896502C43F88E46AB5053 /* Frameworks */ = {
			isa = PBXGroup;
			children = (
				51034ADFF5202B4B0A855ECB /* Pods_SecretDesktop.framework */,
			);
			name = Frameworks;
			sourceTree = "<group>";
		};
		B52B169FDAA763FDD3BC308B /* Pods */ = {
			isa = PBXGroup;
			children = (
				AC3FB20DDAE73E3D375B296A /* Pods-SecretDesktop.debug.xcconfig */,
				624CFDFE9B883273834C6DB5 /* Pods-SecretDesktop.release.xcconfig */,
			);
			path = Pods;
			sourceTree = "<group>";
		};
/* End PBXGroup section */

/* Begin PBXNativeTarget section */
		1C7BAB0F2282251100B0AAE2 /* SecretDesktop */ = {
			isa = PBXNativeTarget;
			buildConfigurationList = 1C7BAB202282251200B0AAE2 /* Build configuration list for PBXNativeTarget "SecretDesktop" */;
			buildPhases = (
				5DFEB2130CBD2C051C9C4BE3 /* [CP] Check Pods Manifest.lock */,
				1C7BAB0C2282251100B0AAE2 /* Sources */,
				1C7BAB0D2282251100B0AAE2 /* Frameworks */,
				1C7BAB0E2282251100B0AAE2 /* Resources */,
				EA4D4138786DCE91BB565790 /* [CP] Embed Pods Frameworks */,
			);
			buildRules = (
			);
			dependencies = (
			);
			name = SecretDesktop;
			productName = SecretDesktop;
			productReference = 1C7BAB102282251100B0AAE2 /* SecretDesktop.app */;
			productType = "com.apple.product-type.application";
		};
/* End PBXNativeTarget section */

/* Begin PBXProject section */
		1C7BAB082282251100B0AAE2 /* Project object */ = {
			isa = PBXProject;
			attributes = {
				LastSwiftUpdateCheck = 1020;
				LastUpgradeCheck = 1120;
				ORGANIZATIONNAME = "Takuto Nakamura";
				TargetAttributes = {
					1C7BAB0F2282251100B0AAE2 = {
						CreatedOnToolsVersion = 10.2.1;
					};
				};
			};
			buildConfigurationList = 1C7BAB0B2282251100B0AAE2 /* Build configuration list for PBXProject "SecretDesktop" */;
			compatibilityVersion = "Xcode 10.0";
			developmentRegion = en;
			hasScannedForEncodings = 0;
			knownRegions = (
				en,
				Base,
				ja,
			);
			mainGroup = 1C7BAB072282251100B0AAE2;
			productRefGroup = 1C7BAB112282251100B0AAE2 /* Products */;
			projectDirPath = "";
			projectRoot = "";
			targets = (
				1C7BAB0F2282251100B0AAE2 /* SecretDesktop */,
			);
		};
/* End PBXProject section */

/* Begin PBXResourcesBuildPhase section */
		1C7BAB0E2282251100B0AAE2 /* Resources */ = {
			isa = PBXResourcesBuildPhase;
			buildActionMask = 2147483647;
			files = (
				1C7BAB182282251200B0AAE2 /* Assets.xcassets in Resources */,
				1CB1A3DE242E53E8008C7394 /* Localizable.strings in Resources */,
				1C7BAB1B2282251200B0AAE2 /* Main.storyboard in Resources */,
			);
			runOnlyForDeploymentPostprocessing = 0;
		};
/* End PBXResourcesBuildPhase section */

/* Begin PBXShellScriptBuildPhase section */
		5DFEB2130CBD2C051C9C4BE3 /* [CP] Check Pods Manifest.lock */ = {
			isa = PBXShellScriptBuildPhase;
			buildActionMask = 2147483647;
			files = (
			);
			inputFileListPaths = (
			);
			inputPaths = (
				"${PODS_PODFILE_DIR_PATH}/Podfile.lock",
				"${PODS_ROOT}/Manifest.lock",
			);
			name = "[CP] Check Pods Manifest.lock";
			outputFileListPaths = (
			);
			outputPaths = (
				"$(DERIVED_FILE_DIR)/Pods-SecretDesktop-checkManifestLockResult.txt",
			);
			runOnlyForDeploymentPostprocessing = 0;
			shellPath = /bin/sh;
			shellScript = "diff \"${PODS_PODFILE_DIR_PATH}/Podfile.lock\" \"${PODS_ROOT}/Manifest.lock\" > /dev/null\nif [ $? != 0 ] ; then\n    # print error to STDERR\n    echo \"error: The sandbox is not in sync with the Podfile.lock. Run 'pod install' or update your CocoaPods installation.\" >&2\n    exit 1\nfi\n# This output is used by Xcode 'outputs' to avoid re-running this script phase.\necho \"SUCCESS\" > \"${SCRIPT_OUTPUT_FILE_0}\"\n";
			showEnvVarsInLog = 0;
		};
		EA4D4138786DCE91BB565790 /* [CP] Embed Pods Frameworks */ = {
			isa = PBXShellScriptBuildPhase;
			buildActionMask = 2147483647;
			files = (
			);
			inputFileListPaths = (
				"${PODS_ROOT}/Target Support Files/Pods-SecretDesktop/Pods-SecretDesktop-frameworks-${CONFIGURATION}-input-files.xcfilelist",
			);
			name = "[CP] Embed Pods Frameworks";
			outputFileListPaths = (
				"${PODS_ROOT}/Target Support Files/Pods-SecretDesktop/Pods-SecretDesktop-frameworks-${CONFIGURATION}-output-files.xcfilelist",
			);
			runOnlyForDeploymentPostprocessing = 0;
			shellPath = /bin/sh;
			shellScript = "\"${PODS_ROOT}/Target Support Files/Pods-SecretDesktop/Pods-SecretDesktop-frameworks.sh\"\n";
			showEnvVarsInLog = 0;
		};
/* End PBXShellScriptBuildPhase section */

/* Begin PBXSourcesBuildPhase section */
		1C7BAB0C2282251100B0AAE2 /* Sources */ = {
			isa = PBXSourcesBuildPhase;
			buildActionMask = 2147483647;
			files = (
				1CDB361324A6661100A79BF4 /* SecretPanel.swift in Sources */,
				1C7BAB142282251100B0AAE2 /* AppDelegate.swift in Sources */,
				1C7BAB262282262800B0AAE2 /* Extensions.swift in Sources */,
			);
			runOnlyForDeploymentPostprocessing = 0;
		};
/* End PBXSourcesBuildPhase section */

/* Begin PBXVariantGroup section */
		1C7BAB192282251200B0AAE2 /* Main.storyboard */ = {
			isa = PBXVariantGroup;
			children = (
				1C7BAB1A2282251200B0AAE2 /* Base */,
				1CB1A3DB242DF67D008C7394 /* ja */,
			);
			name = Main.storyboard;
			sourceTree = "<group>";
		};
		1CB1A3E0242E53E8008C7394 /* Localizable.strings */ = {
			isa = PBXVariantGroup;
			children = (
				1CB1A3DF242E53E8008C7394 /* en */,
				1CB1A3E1242E5402008C7394 /* ja */,
			);
			name = Localizable.strings;
			sourceTree = "<group>";
		};
/* End PBXVariantGroup section */

/* Begin XCBuildConfiguration section */
		1C7BAB1E2282251200B0AAE2 /* Debug */ = {
			isa = XCBuildConfiguration;
			buildSettings = {
				ALWAYS_SEARCH_USER_PATHS = NO;
				CLANG_ANALYZER_LOCALIZABILITY_NONLOCALIZED = YES;
				CLANG_ANALYZER_NONNULL = YES;
				CLANG_ANALYZER_NUMBER_OBJECT_CONVERSION = YES_AGGRESSIVE;
				CLANG_CXX_LANGUAGE_STANDARD = "gnu++14";
				CLANG_CXX_LIBRARY = "libc++";
				CLANG_ENABLE_MODULES = YES;
				CLANG_ENABLE_OBJC_ARC = YES;
				CLANG_ENABLE_OBJC_WEAK = YES;
				CLANG_WARN_BLOCK_CAPTURE_AUTORELEASING = YES;
				CLANG_WARN_BOOL_CONVERSION = YES;
				CLANG_WARN_COMMA = YES;
				CLANG_WARN_CONSTANT_CONVERSION = YES;
				CLANG_WARN_DEPRECATED_OBJC_IMPLEMENTATIONS = YES;
				CLANG_WARN_DIRECT_OBJC_ISA_USAGE = YES_ERROR;
				CLANG_WARN_DOCUMENTATION_COMMENTS = YES;
				CLANG_WARN_EMPTY_BODY = YES;
				CLANG_WARN_ENUM_CONVERSION = YES;
				CLANG_WARN_INFINITE_RECURSION = YES;
				CLANG_WARN_INT_CONVERSION = YES;
				CLANG_WARN_NON_LITERAL_NULL_CONVERSION = YES;
				CLANG_WARN_OBJC_IMPLICIT_RETAIN_SELF = YES;
				CLANG_WARN_OBJC_LITERAL_CONVERSION = YES;
				CLANG_WARN_OBJC_ROOT_CLASS = YES_ERROR;
				CLANG_WARN_RANGE_LOOP_ANALYSIS = YES;
				CLANG_WARN_STRICT_PROTOTYPES = YES;
				CLANG_WARN_SUSPICIOUS_MOVE = YES;
				CLANG_WARN_UNGUARDED_AVAILABILITY = YES_AGGRESSIVE;
				CLANG_WARN_UNREACHABLE_CODE = YES;
				CLANG_WARN__DUPLICATE_METHOD_MATCH = YES;
				CODE_SIGN_IDENTITY = "Mac Developer";
				COPY_PHASE_STRIP = NO;
				DEBUG_INFORMATION_FORMAT = dwarf;
				ENABLE_STRICT_OBJC_MSGSEND = YES;
				ENABLE_TESTABILITY = YES;
				GCC_C_LANGUAGE_STANDARD = gnu11;
				GCC_DYNAMIC_NO_PIC = NO;
				GCC_NO_COMMON_BLOCKS = YES;
				GCC_OPTIMIZATION_LEVEL = 0;
				GCC_PREPROCESSOR_DEFINITIONS = (
					"DEBUG=1",
					"$(inherited)",
				);
				GCC_WARN_64_TO_32_BIT_CONVERSION = YES;
				GCC_WARN_ABOUT_RETURN_TYPE = YES_ERROR;
				GCC_WARN_UNDECLARED_SELECTOR = YES;
				GCC_WARN_UNINITIALIZED_AUTOS = YES_AGGRESSIVE;
				GCC_WARN_UNUSED_FUNCTION = YES;
				GCC_WARN_UNUSED_VARIABLE = YES;
				MACOSX_DEPLOYMENT_TARGET = 10.14;
				MTL_ENABLE_DEBUG_INFO = INCLUDE_SOURCE;
				MTL_FAST_MATH = YES;
				ONLY_ACTIVE_ARCH = YES;
				SDKROOT = macosx;
				SWIFT_ACTIVE_COMPILATION_CONDITIONS = DEBUG;
				SWIFT_OPTIMIZATION_LEVEL = "-Onone";
			};
			name = Debug;
		};
		1C7BAB1F2282251200B0AAE2 /* Release */ = {
			isa = XCBuildConfiguration;
			buildSettings = {
				ALWAYS_SEARCH_USER_PATHS = NO;
				CLANG_ANALYZER_LOCALIZABILITY_NONLOCALIZED = YES;
				CLANG_ANALYZER_NONNULL = YES;
				CLANG_ANALYZER_NUMBER_OBJECT_CONVERSION = YES_AGGRESSIVE;
				CLANG_CXX_LANGUAGE_STANDARD = "gnu++14";
				CLANG_CXX_LIBRARY = "libc++";
				CLANG_ENABLE_MODULES = YES;
				CLANG_ENABLE_OBJC_ARC = YES;
				CLANG_ENABLE_OBJC_WEAK = YES;
				CLANG_WARN_BLOCK_CAPTURE_AUTORELEASING = YES;
				CLANG_WARN_BOOL_CONVERSION = YES;
				CLANG_WARN_COMMA = YES;
				CLANG_WARN_CONSTANT_CONVERSION = YES;
				CLANG_WARN_DEPRECATED_OBJC_IMPLEMENTATIONS = YES;
				CLANG_WARN_DIRECT_OBJC_ISA_USAGE = YES_ERROR;
				CLANG_WARN_DOCUMENTATION_COMMENTS = YES;
				CLANG_WARN_EMPTY_BODY = YES;
				CLANG_WARN_ENUM_CONVERSION = YES;
				CLANG_WARN_INFINITE_RECURSION = YES;
				CLANG_WARN_INT_CONVERSION = YES;
				CLANG_WARN_NON_LITERAL_NULL_CONVERSION = YES;
				CLANG_WARN_OBJC_IMPLICIT_RETAIN_SELF = YES;
				CLANG_WARN_OBJC_LITERAL_CONVERSION = YES;
				CLANG_WARN_OBJC_ROOT_CLASS = YES_ERROR;
				CLANG_WARN_RANGE_LOOP_ANALYSIS = YES;
				CLANG_WARN_STRICT_PROTOTYPES = YES;
				CLANG_WARN_SUSPICIOUS_MOVE = YES;
				CLANG_WARN_UNGUARDED_AVAILABILITY = YES_AGGRESSIVE;
				CLANG_WARN_UNREACHABLE_CODE = YES;
				CLANG_WARN__DUPLICATE_METHOD_MATCH = YES;
				CODE_SIGN_IDENTITY = "Mac Developer";
				COPY_PHASE_STRIP = NO;
				DEBUG_INFORMATION_FORMAT = "dwarf-with-dsym";
				ENABLE_NS_ASSERTIONS = NO;
				ENABLE_STRICT_OBJC_MSGSEND = YES;
				GCC_C_LANGUAGE_STANDARD = gnu11;
				GCC_NO_COMMON_BLOCKS = YES;
				GCC_WARN_64_TO_32_BIT_CONVERSION = YES;
				GCC_WARN_ABOUT_RETURN_TYPE = YES_ERROR;
				GCC_WARN_UNDECLARED_SELECTOR = YES;
				GCC_WARN_UNINITIALIZED_AUTOS = YES_AGGRESSIVE;
				GCC_WARN_UNUSED_FUNCTION = YES;
				GCC_WARN_UNUSED_VARIABLE = YES;
				MACOSX_DEPLOYMENT_TARGET = 10.14;
				MTL_ENABLE_DEBUG_INFO = NO;
				MTL_FAST_MATH = YES;
				SDKROOT = macosx;
				SWIFT_COMPILATION_MODE = wholemodule;
				SWIFT_OPTIMIZATION_LEVEL = "-O";
			};
			name = Release;
		};
		1C7BAB212282251200B0AAE2 /* Debug */ = {
			isa = XCBuildConfiguration;
			baseConfigurationReference = AC3FB20DDAE73E3D375B296A /* Pods-SecretDesktop.debug.xcconfig */;
			buildSettings = {
				ASSETCATALOG_COMPILER_APPICON_NAME = AppIcon;
				CODE_SIGN_ENTITLEMENTS = SecretDesktop/SecretDesktop.entitlements;
				CODE_SIGN_IDENTITY = "Mac Developer";
				CODE_SIGN_STYLE = Automatic;
				COMBINE_HIDPI_IMAGES = YES;
				CURRENT_PROJECT_VERSION = 1.5.0;
				DEVELOPMENT_TEAM = VJ5N2X84K8;
				ENABLE_HARDENED_RUNTIME = YES;
				INFOPLIST_FILE = SecretDesktop/Info.plist;
				LD_RUNPATH_SEARCH_PATHS = (
					"$(inherited)",
					"@executable_path/../Frameworks",
				);
				MARKETING_VERSION = 1.5;
				PRODUCT_BUNDLE_IDENTIFIER = com.kyome.SecretDesktop;
				PRODUCT_NAME = "$(TARGET_NAME)";
				PROVISIONING_PROFILE_SPECIFIER = "";
				SWIFT_VERSION = 5.0;
			};
			name = Debug;
		};
		1C7BAB222282251200B0AAE2 /* Release */ = {
			isa = XCBuildConfiguration;
			baseConfigurationReference = 624CFDFE9B883273834C6DB5 /* Pods-SecretDesktop.release.xcconfig */;
			buildSettings = {
				ASSETCATALOG_COMPILER_APPICON_NAME = AppIcon;
				CODE_SIGN_ENTITLEMENTS = SecretDesktop/SecretDesktop.entitlements;
				CODE_SIGN_IDENTITY = "Mac Developer";
				CODE_SIGN_STYLE = Automatic;
				COMBINE_HIDPI_IMAGES = YES;
				CURRENT_PROJECT_VERSION = 1.5.0;
				DEVELOPMENT_TEAM = VJ5N2X84K8;
				ENABLE_HARDENED_RUNTIME = YES;
				INFOPLIST_FILE = SecretDesktop/Info.plist;
				LD_RUNPATH_SEARCH_PATHS = (
					"$(inherited)",
					"@executable_path/../Frameworks",
				);
				MARKETING_VERSION = 1.5;
				PRODUCT_BUNDLE_IDENTIFIER = com.kyome.SecretDesktop;
				PRODUCT_NAME = "$(TARGET_NAME)";
				PROVISIONING_PROFILE_SPECIFIER = "";
				SWIFT_VERSION = 5.0;
			};
			name = Release;
		};
/* End XCBuildConfiguration section */

/* Begin XCConfigurationList section */
		1C7BAB0B2282251100B0AAE2 /* Build configuration list for PBXProject "SecretDesktop" */ = {
			isa = XCConfigurationList;
			buildConfigurations = (
				1C7BAB1E2282251200B0AAE2 /* Debug */,
				1C7BAB1F2282251200B0AAE2 /* Release */,
			);
			defaultConfigurationIsVisible = 0;
			defaultConfigurationName = Release;
		};
		1C7BAB202282251200B0AAE2 /* Build configuration list for PBXNativeTarget "SecretDesktop" */ = {
			isa = XCConfigurationList;
			buildConfigurations = (
				1C7BAB212282251200B0AAE2 /* Debug */,
				1C7BAB222282251200B0AAE2 /* Release */,
			);
			defaultConfigurationIsVisible = 0;
			defaultConfigurationName = Release;
		};
/* End XCConfigurationList section */
	};
	rootObject = 1C7BAB082282251100B0AAE2 /* Project object */;
}
