// !$*UTF8*$!
{
	archiveVersion = 1;
	classes = {
	};
	objectVersion = 54;
	objects = {

/* Begin PBXBuildFile section */
		1C7BAB182282251200B0AAE2 /* Assets.xcassets in Resources */ = {isa = PBXBuildFile; fileRef = 1C7BAB172282251200B0AAE2 /* Assets.xcassets */; };
		1CB07A8F2B235FBB00465CAD /* Localizable.xcstrings in Resources */ = {isa = PBXBuildFile; fileRef = 1CB07A8E2B235FBB00465CAD /* Localizable.xcstrings */; };
		1CB07A912B23603000465CAD /* SecretDesktopAppModel.swift in Sources */ = {isa = PBXBuildFile; fileRef = 1CB07A902B23603000465CAD /* SecretDesktopAppModel.swift */; };
		1CB07A932B23612700465CAD /* Utils.swift in Sources */ = {isa = PBXBuildFile; fileRef = 1CB07A922B23612700465CAD /* Utils.swift */; };
		1CB07A962B23623C00465CAD /* MenuViewModel.swift in Sources */ = {isa = PBXBuildFile; fileRef = 1CB07A952B23623C00465CAD /* MenuViewModel.swift */; };
		1CB07A9A2B2364B500465CAD /* SecretDesktopApp.swift in Sources */ = {isa = PBXBuildFile; fileRef = 1CB07A992B2364B500465CAD /* SecretDesktopApp.swift */; };
		1CB07A9C2B23653400465CAD /* MenuView.swift in Sources */ = {isa = PBXBuildFile; fileRef = 1CB07A9B2B23653400465CAD /* MenuView.swift */; };
		1CB07A9E2B236DC700465CAD /* SecretModel.swift in Sources */ = {isa = PBXBuildFile; fileRef = 1CB07A9D2B236DC700465CAD /* SecretModel.swift */; };
		1CC73ED42886388900A53FEE /* SpiceKey in Frameworks */ = {isa = PBXBuildFile; productRef = 1CC73ED32886388900A53FEE /* SpiceKey */; };
		1CC73ED7288638EC00A53FEE /* CoreGraphics+Extension.swift in Sources */ = {isa = PBXBuildFile; fileRef = 1CC73ED6288638EC00A53FEE /* CoreGraphics+Extension.swift */; };
		1CC73ED92886390500A53FEE /* AppKit+Extension.swift in Sources */ = {isa = PBXBuildFile; fileRef = 1CC73ED82886390500A53FEE /* AppKit+Extension.swift */; };
		1CDB361324A6661100A79BF4 /* SecretPanel.swift in Sources */ = {isa = PBXBuildFile; fileRef = 1CDB361224A6661100A79BF4 /* SecretPanel.swift */; };
/* End PBXBuildFile section */

/* Begin PBXFileReference section */
		1C7BAB102282251100B0AAE2 /* SecretDesktop.app */ = {isa = PBXFileReference; explicitFileType = wrapper.application; includeInIndex = 0; path = SecretDesktop.app; sourceTree = BUILT_PRODUCTS_DIR; };
		1C7BAB172282251200B0AAE2 /* Assets.xcassets */ = {isa = PBXFileReference; lastKnownFileType = folder.assetcatalog; path = Assets.xcassets; sourceTree = "<group>"; };
		1C7BAB1C2282251200B0AAE2 /* Info.plist */ = {isa = PBXFileReference; lastKnownFileType = text.plist.xml; path = Info.plist; sourceTree = "<group>"; };
		1C7BAB1D2282251200B0AAE2 /* SecretDesktop.entitlements */ = {isa = PBXFileReference; lastKnownFileType = text.plist.entitlements; path = SecretDesktop.entitlements; sourceTree = "<group>"; };
		1CB07A8E2B235FBB00465CAD /* Localizable.xcstrings */ = {isa = PBXFileReference; lastKnownFileType = text.json.xcstrings; path = Localizable.xcstrings; sourceTree = "<group>"; };
		1CB07A902B23603000465CAD /* SecretDesktopAppModel.swift */ = {isa = PBXFileReference; lastKnownFileType = sourcecode.swift; path = SecretDesktopAppModel.swift; sourceTree = "<group>"; };
		1CB07A922B23612700465CAD /* Utils.swift */ = {isa = PBXFileReference; lastKnownFileType = sourcecode.swift; path = Utils.swift; sourceTree = "<group>"; };
		1CB07A952B23623C00465CAD /* MenuViewModel.swift */ = {isa = PBXFileReference; lastKnownFileType = sourcecode.swift; path = MenuViewModel.swift; sourceTree = "<group>"; };
		1CB07A992B2364B500465CAD /* SecretDesktopApp.swift */ = {isa = PBXFileReference; lastKnownFileType = sourcecode.swift; path = SecretDesktopApp.swift; sourceTree = "<group>"; };
		1CB07A9B2B23653400465CAD /* MenuView.swift */ = {isa = PBXFileReference; lastKnownFileType = sourcecode.swift; path = MenuView.swift; sourceTree = "<group>"; };
		1CB07A9D2B236DC700465CAD /* SecretModel.swift */ = {isa = PBXFileReference; lastKnownFileType = sourcecode.swift; path = SecretModel.swift; sourceTree = "<group>"; };
		1CC73ED6288638EC00A53FEE /* CoreGraphics+Extension.swift */ = {isa = PBXFileReference; lastKnownFileType = sourcecode.swift; path = "CoreGraphics+Extension.swift"; sourceTree = "<group>"; };
		1CC73ED82886390500A53FEE /* AppKit+Extension.swift */ = {isa = PBXFileReference; lastKnownFileType = sourcecode.swift; path = "AppKit+Extension.swift"; sourceTree = "<group>"; };
		1CDB361224A6661100A79BF4 /* SecretPanel.swift */ = {isa = PBXFileReference; lastKnownFileType = sourcecode.swift; path = SecretPanel.swift; sourceTree = "<group>"; };
/* End PBXFileReference section */

/* Begin PBXFrameworksBuildPhase section */
		1C7BAB0D2282251100B0AAE2 /* Frameworks */ = {
			isa = PBXFrameworksBuildPhase;
			buildActionMask = 2147483647;
			files = (
				1CC73ED42886388900A53FEE /* SpiceKey in Frameworks */,
			);
			runOnlyForDeploymentPostprocessing = 0;
		};
/* End PBXFrameworksBuildPhase section */

/* Begin PBXGroup section */
		1C7BAB072282251100B0AAE2 = {
			isa = PBXGroup;
			children = (
				1C7BAB122282251100B0AAE2 /* SecretDesktop */,
				1C7BAB112282251100B0AAE2 /* Products */,
			);
			sourceTree = "<group>";
		};
		1C7BAB112282251100B0AAE2 /* Products */ = {
			isa = PBXGroup;
			children = (
				1C7BAB102282251100B0AAE2 /* SecretDesktop.app */,
			);
			name = Products;
			sourceTree = "<group>";
		};
		1C7BAB122282251100B0AAE2 /* SecretDesktop */ = {
			isa = PBXGroup;
			children = (
				1C7BAB1C2282251200B0AAE2 /* Info.plist */,
				1C7BAB1D2282251200B0AAE2 /* SecretDesktop.entitlements */,
				1C7BAB172282251200B0AAE2 /* Assets.xcassets */,
				1CB07A8E2B235FBB00465CAD /* Localizable.xcstrings */,
				1CB07A8C2B235F4C00465CAD /* Domain */,
				1CB07A8D2B235F5300465CAD /* Presentation */,
				1CC73ED5288638D900A53FEE /* Helper */,
			);
			path = SecretDesktop;
			sourceTree = "<group>";
		};
		1CB07A8C2B235F4C00465CAD /* Domain */ = {
			isa = PBXGroup;
			children = (
				1CB07A902B23603000465CAD /* SecretDesktopAppModel.swift */,
				1CC73EDE28863BF600A53FEE /* Model */,
				1CB07A942B23622300465CAD /* ViewModel */,
			);
			path = Domain;
			sourceTree = "<group>";
		};
		1CB07A8D2B235F5300465CAD /* Presentation */ = {
			isa = PBXGroup;
			children = (
				1CB07A992B2364B500465CAD /* SecretDesktopApp.swift */,
				1CC73EE42886549600A53FEE /* View */,
			);
			path = Presentation;
			sourceTree = "<group>";
		};
		1CB07A942B23622300465CAD /* ViewModel */ = {
			isa = PBXGroup;
			children = (
				1CB07A952B23623C00465CAD /* MenuViewModel.swift */,
			);
			path = ViewModel;
			sourceTree = "<group>";
		};
		1CC73ED5288638D900A53FEE /* Helper */ = {
			isa = PBXGroup;
			children = (
				1CB07A922B23612700465CAD /* Utils.swift */,
				1CC73ED82886390500A53FEE /* AppKit+Extension.swift */,
				1CC73ED6288638EC00A53FEE /* CoreGraphics+Extension.swift */,
			);
			path = Helper;
			sourceTree = "<group>";
		};
		1CC73EDE28863BF600A53FEE /* Model */ = {
			isa = PBXGroup;
			children = (
				1CB07A9D2B236DC700465CAD /* SecretModel.swift */,
			);
			path = Model;
			sourceTree = "<group>";
		};
		1CC73EE42886549600A53FEE /* View */ = {
			isa = PBXGroup;
			children = (
				1CB07A9B2B23653400465CAD /* MenuView.swift */,
				1CDB361224A6661100A79BF4 /* SecretPanel.swift */,
			);
			path = View;
			sourceTree = "<group>";
		};
/* End PBXGroup section */

/* Begin PBXNativeTarget section */
		1C7BAB0F2282251100B0AAE2 /* SecretDesktop */ = {
			isa = PBXNativeTarget;
			buildConfigurationList = 1C7BAB202282251200B0AAE2 /* Build configuration list for PBXNativeTarget "SecretDesktop" */;
			buildPhases = (
				1C7BAB0C2282251100B0AAE2 /* Sources */,
				1C7BAB0D2282251100B0AAE2 /* Frameworks */,
				1C7BAB0E2282251100B0AAE2 /* Resources */,
			);
			buildRules = (
			);
			dependencies = (
			);
			name = SecretDesktop;
			packageProductDependencies = (
				1CC73ED32886388900A53FEE /* SpiceKey */,
			);
			productName = SecretDesktop;
			productReference = 1C7BAB102282251100B0AAE2 /* SecretDesktop.app */;
			productType = "com.apple.product-type.application";
		};
/* End PBXNativeTarget section */

/* Begin PBXProject section */
		1C7BAB082282251100B0AAE2 /* Project object */ = {
			isa = PBXProject;
			attributes = {
				BuildIndependentTargetsInParallel = YES;
				LastSwiftUpdateCheck = 1020;
				LastUpgradeCheck = 1500;
				ORGANIZATIONNAME = "Takuto Nakamura";
				TargetAttributes = {
					1C7BAB0F2282251100B0AAE2 = {
						CreatedOnToolsVersion = 10.2.1;
					};
				};
			};
			buildConfigurationList = 1C7BAB0B2282251100B0AAE2 /* Build configuration list for PBXProject "SecretDesktop" */;
			compatibilityVersion = "Xcode 10.0";
			developmentRegion = en;
			hasScannedForEncodings = 0;
			knownRegions = (
				en,
				Base,
				ja,
			);
			mainGroup = 1C7BAB072282251100B0AAE2;
			packageReferences = (
				1CC73ED22886388900A53FEE /* XCRemoteSwiftPackageReference "SpiceKey" */,
			);
			productRefGroup = 1C7BAB112282251100B0AAE2 /* Products */;
			projectDirPath = "";
			projectRoot = "";
			targets = (
				1C7BAB0F2282251100B0AAE2 /* SecretDesktop */,
			);
		};
/* End PBXProject section */

/* Begin PBXResourcesBuildPhase section */
		1C7BAB0E2282251100B0AAE2 /* Resources */ = {
			isa = PBXResourcesBuildPhase;
			buildActionMask = 2147483647;
			files = (
				1C7BAB182282251200B0AAE2 /* Assets.xcassets in Resources */,
				1CB07A8F2B235FBB00465CAD /* Localizable.xcstrings in Resources */,
			);
			runOnlyForDeploymentPostprocessing = 0;
		};
/* End PBXResourcesBuildPhase section */

/* Begin PBXSourcesBuildPhase section */
		1C7BAB0C2282251100B0AAE2 /* Sources */ = {
			isa = PBXSourcesBuildPhase;
			buildActionMask = 2147483647;
			files = (
				1CB07A912B23603000465CAD /* SecretDesktopAppModel.swift in Sources */,
				1CB07A9C2B23653400465CAD /* MenuView.swift in Sources */,
				1CDB361324A6661100A79BF4 /* SecretPanel.swift in Sources */,
				1CB07A932B23612700465CAD /* Utils.swift in Sources */,
				1CB07A962B23623C00465CAD /* MenuViewModel.swift in Sources */,
				1CC73ED7288638EC00A53FEE /* CoreGraphics+Extension.swift in Sources */,
				1CC73ED92886390500A53FEE /* AppKit+Extension.swift in Sources */,
				1CB07A9A2B2364B500465CAD /* SecretDesktopApp.swift in Sources */,
				1CB07A9E2B236DC700465CAD /* SecretModel.swift in Sources */,
			);
			runOnlyForDeploymentPostprocessing = 0;
		};
/* End PBXSourcesBuildPhase section */

/* Begin XCBuildConfiguration section */
		1C7BAB1E2282251200B0AAE2 /* Debug */ = {
			isa = XCBuildConfiguration;
			buildSettings = {
				ALWAYS_SEARCH_USER_PATHS = NO;
				CLANG_ANALYZER_LOCALIZABILITY_NONLOCALIZED = YES;
				CLANG_ANALYZER_NONNULL = YES;
				CLANG_ANALYZER_NUMBER_OBJECT_CONVERSION = YES_AGGRESSIVE;
				CLANG_CXX_LANGUAGE_STANDARD = "gnu++14";
				CLANG_CXX_LIBRARY = "libc++";
				CLANG_ENABLE_MODULES = YES;
				CLANG_ENABLE_OBJC_ARC = YES;
				CLANG_ENABLE_OBJC_WEAK = YES;
				CLANG_WARN_BLOCK_CAPTURE_AUTORELEASING = YES;
				CLANG_WARN_BOOL_CONVERSION = YES;
				CLANG_WARN_COMMA = YES;
				CLANG_WARN_CONSTANT_CONVERSION = YES;
				CLANG_WARN_DEPRECATED_OBJC_IMPLEMENTATIONS = YES;
				CLANG_WARN_DIRECT_OBJC_ISA_USAGE = YES_ERROR;
				CLANG_WARN_DOCUMENTATION_COMMENTS = YES;
				CLANG_WARN_EMPTY_BODY = YES;
				CLANG_WARN_ENUM_CONVERSION = YES;
				CLANG_WARN_INFINITE_RECURSION = YES;
				CLANG_WARN_INT_CONVERSION = YES;
				CLANG_WARN_NON_LITERAL_NULL_CONVERSION = YES;
				CLANG_WARN_OBJC_IMPLICIT_RETAIN_SELF = YES;
				CLANG_WARN_OBJC_LITERAL_CONVERSION = YES;
				CLANG_WARN_OBJC_ROOT_CLASS = YES_ERROR;
				CLANG_WARN_QUOTED_INCLUDE_IN_FRAMEWORK_HEADER = YES;
				CLANG_WARN_RANGE_LOOP_ANALYSIS = YES;
				CLANG_WARN_STRICT_PROTOTYPES = YES;
				CLANG_WARN_SUSPICIOUS_MOVE = YES;
				CLANG_WARN_UNGUARDED_AVAILABILITY = YES_AGGRESSIVE;
				CLANG_WARN_UNREACHABLE_CODE = YES;
				CLANG_WARN__DUPLICATE_METHOD_MATCH = YES;
				CODE_SIGN_IDENTITY = "Mac Developer";
				COPY_PHASE_STRIP = NO;
				DEAD_CODE_STRIPPING = YES;
				DEBUG_INFORMATION_FORMAT = dwarf;
				ENABLE_STRICT_OBJC_MSGSEND = YES;
				ENABLE_TESTABILITY = YES;
				ENABLE_USER_SCRIPT_SANDBOXING = YES;
				GCC_C_LANGUAGE_STANDARD = gnu11;
				GCC_DYNAMIC_NO_PIC = NO;
				GCC_NO_COMMON_BLOCKS = YES;
				GCC_OPTIMIZATION_LEVEL = 0;
				GCC_PREPROCESSOR_DEFINITIONS = (
					"DEBUG=1",
					"$(inherited)",
				);
				GCC_WARN_64_TO_32_BIT_CONVERSION = YES;
				GCC_WARN_ABOUT_RETURN_TYPE = YES_ERROR;
				GCC_WARN_UNDECLARED_SELECTOR = YES;
				GCC_WARN_UNINITIALIZED_AUTOS = YES_AGGRESSIVE;
				GCC_WARN_UNUSED_FUNCTION = YES;
				GCC_WARN_UNUSED_VARIABLE = YES;
				LOCALIZATION_PREFERS_STRING_CATALOGS = YES;
				MACOSX_DEPLOYMENT_TARGET = 13.0;
				MTL_ENABLE_DEBUG_INFO = INCLUDE_SOURCE;
				MTL_FAST_MATH = YES;
				ONLY_ACTIVE_ARCH = YES;
				SDKROOT = macosx;
				SWIFT_ACTIVE_COMPILATION_CONDITIONS = DEBUG;
				SWIFT_OPTIMIZATION_LEVEL = "-Onone";
			};
			name = Debug;
		};
		1C7BAB1F2282251200B0AAE2 /* Release */ = {
			isa = XCBuildConfiguration;
			buildSettings = {
				ALWAYS_SEARCH_USER_PATHS = NO;
				CLANG_ANALYZER_LOCALIZABILITY_NONLOCALIZED = YES;
				CLANG_ANALYZER_NONNULL = YES;
				CLANG_ANALYZER_NUMBER_OBJECT_CONVERSION = YES_AGGRESSIVE;
				CLANG_CXX_LANGUAGE_STANDARD = "gnu++14";
				CLANG_CXX_LIBRARY = "libc++";
				CLANG_ENABLE_MODULES = YES;
				CLANG_ENABLE_OBJC_ARC = YES;
				CLANG_ENABLE_OBJC_WEAK = YES;
				CLANG_WARN_BLOCK_CAPTURE_AUTORELEASING = YES;
				CLANG_WARN_BOOL_CONVERSION = YES;
				CLANG_WARN_COMMA = YES;
				CLANG_WARN_CONSTANT_CONVERSION = YES;
				CLANG_WARN_DEPRECATED_OBJC_IMPLEMENTATIONS = YES;
				CLANG_WARN_DIRECT_OBJC_ISA_USAGE = YES_ERROR;
				CLANG_WARN_DOCUMENTATION_COMMENTS = YES;
				CLANG_WARN_EMPTY_BODY = YES;
				CLANG_WARN_ENUM_CONVERSION = YES;
				CLANG_WARN_INFINITE_RECURSION = YES;
				CLANG_WARN_INT_CONVERSION = YES;
				CLANG_WARN_NON_LITERAL_NULL_CONVERSION = YES;
				CLANG_WARN_OBJC_IMPLICIT_RETAIN_SELF = YES;
				CLANG_WARN_OBJC_LITERAL_CONVERSION = YES;
				CLANG_WARN_OBJC_ROOT_CLASS = YES_ERROR;
				CLANG_WARN_QUOTED_INCLUDE_IN_FRAMEWORK_HEADER = YES;
				CLANG_WARN_RANGE_LOOP_ANALYSIS = YES;
				CLANG_WARN_STRICT_PROTOTYPES = YES;
				CLANG_WARN_SUSPICIOUS_MOVE = YES;
				CLANG_WARN_UNGUARDED_AVAILABILITY = YES_AGGRESSIVE;
				CLANG_WARN_UNREACHABLE_CODE = YES;
				CLANG_WARN__DUPLICATE_METHOD_MATCH = YES;
				CODE_SIGN_IDENTITY = "Mac Developer";
				COPY_PHASE_STRIP = NO;
				DEAD_CODE_STRIPPING = YES;
				DEBUG_INFORMATION_FORMAT = "dwarf-with-dsym";
				ENABLE_NS_ASSERTIONS = NO;
				ENABLE_STRICT_OBJC_MSGSEND = YES;
				ENABLE_USER_SCRIPT_SANDBOXING = YES;
				GCC_C_LANGUAGE_STANDARD = gnu11;
				GCC_NO_COMMON_BLOCKS = YES;
				GCC_WARN_64_TO_32_BIT_CONVERSION = YES;
				GCC_WARN_ABOUT_RETURN_TYPE = YES_ERROR;
				GCC_WARN_UNDECLARED_SELECTOR = YES;
				GCC_WARN_UNINITIALIZED_AUTOS = YES_AGGRESSIVE;
				GCC_WARN_UNUSED_FUNCTION = YES;
				GCC_WARN_UNUSED_VARIABLE = YES;
				LOCALIZATION_PREFERS_STRING_CATALOGS = YES;
				MACOSX_DEPLOYMENT_TARGET = 13.0;
				MTL_ENABLE_DEBUG_INFO = NO;
				MTL_FAST_MATH = YES;
				SDKROOT = macosx;
				SWIFT_COMPILATION_MODE = wholemodule;
				SWIFT_OPTIMIZATION_LEVEL = "-O";
			};
			name = Release;
		};
		1C7BAB212282251200B0AAE2 /* Debug */ = {
			isa = XCBuildConfiguration;
			buildSettings = {
				ASSETCATALOG_COMPILER_APPICON_NAME = AppIcon;
				CODE_SIGN_ENTITLEMENTS = SecretDesktop/SecretDesktop.entitlements;
				CODE_SIGN_IDENTITY = "Mac Developer";
				CODE_SIGN_STYLE = Automatic;
				COMBINE_HIDPI_IMAGES = YES;
				CURRENT_PROJECT_VERSION = 2.1.1;
				DEAD_CODE_STRIPPING = YES;
				DEVELOPMENT_TEAM = VJ5N2X84K8;
				ENABLE_HARDENED_RUNTIME = YES;
				GENERATE_INFOPLIST_FILE = YES;
				INFOPLIST_FILE = SecretDesktop/Info.plist;
				INFOPLIST_KEY_LSApplicationCategoryType = "public.app-category.utilities";
				INFOPLIST_KEY_LSUIElement = YES;
				INFOPLIST_KEY_NSHumanReadableCopyright = "© 2019-2023 Takuto Nakamura";
				LD_RUNPATH_SEARCH_PATHS = (
					"$(inherited)",
					"@executable_path/../Frameworks",
				);
				MARKETING_VERSION = 2.1;
				PRODUCT_BUNDLE_IDENTIFIER = com.kyome.SecretDesktop;
				PRODUCT_NAME = "$(TARGET_NAME)";
				PROVISIONING_PROFILE_SPECIFIER = "";
				SWIFT_EMIT_LOC_STRINGS = YES;
				SWIFT_VERSION = 5.0;
			};
			name = Debug;
		};
		1C7BAB222282251200B0AAE2 /* Release */ = {
			isa = XCBuildConfiguration;
			buildSettings = {
				ASSETCATALOG_COMPILER_APPICON_NAME = AppIcon;
				CODE_SIGN_ENTITLEMENTS = SecretDesktop/SecretDesktop.entitlements;
				CODE_SIGN_IDENTITY = "Mac Developer";
				CODE_SIGN_STYLE = Automatic;
				COMBINE_HIDPI_IMAGES = YES;
				CURRENT_PROJECT_VERSION = 2.1.1;
				DEAD_CODE_STRIPPING = YES;
				DEVELOPMENT_TEAM = VJ5N2X84K8;
				ENABLE_HARDENED_RUNTIME = YES;
				GENERATE_INFOPLIST_FILE = YES;
				INFOPLIST_FILE = SecretDesktop/Info.plist;
				INFOPLIST_KEY_LSApplicationCategoryType = "public.app-category.utilities";
				INFOPLIST_KEY_LSUIElement = YES;
				INFOPLIST_KEY_NSHumanReadableCopyright = "© 2019-2023 Takuto Nakamura";
				LD_RUNPATH_SEARCH_PATHS = (
					"$(inherited)",
					"@executable_path/../Frameworks",
				);
				MARKETING_VERSION = 2.1;
				PRODUCT_BUNDLE_IDENTIFIER = com.kyome.SecretDesktop;
				PRODUCT_NAME = "$(TARGET_NAME)";
				PROVISIONING_PROFILE_SPECIFIER = "";
				SWIFT_EMIT_LOC_STRINGS = YES;
				SWIFT_VERSION = 5.0;
			};
			name = Release;
		};
/* End XCBuildConfiguration section */

/* Begin XCConfigurationList section */
		1C7BAB0B2282251100B0AAE2 /* Build configuration list for PBXProject "SecretDesktop" */ = {
			isa = XCConfigurationList;
			buildConfigurations = (
				1C7BAB1E2282251200B0AAE2 /* Debug */,
				1C7BAB1F2282251200B0AAE2 /* Release */,
			);
			defaultConfigurationIsVisible = 0;
			defaultConfigurationName = Release;
		};
		1C7BAB202282251200B0AAE2 /* Build configuration list for PBXNativeTarget "SecretDesktop" */ = {
			isa = XCConfigurationList;
			buildConfigurations = (
				1C7BAB212282251200B0AAE2 /* Debug */,
				1C7BAB222282251200B0AAE2 /* Release */,
			);
			defaultConfigurationIsVisible = 0;
			defaultConfigurationName = Release;
		};
/* End XCConfigurationList section */

/* Begin XCRemoteSwiftPackageReference section */
		1CC73ED22886388900A53FEE /* XCRemoteSwiftPackageReference "SpiceKey" */ = {
			isa = XCRemoteSwiftPackageReference;
			repositoryURL = "https://github.com/Kyome22/SpiceKey.git";
			requirement = {
				kind = exactVersion;
				version = 5.0.0;
			};
		};
/* End XCRemoteSwiftPackageReference section */

/* Begin XCSwiftPackageProductDependency section */
		1CC73ED32886388900A53FEE /* SpiceKey */ = {
			isa = XCSwiftPackageProductDependency;
			package = 1CC73ED22886388900A53FEE /* XCRemoteSwiftPackageReference "SpiceKey" */;
			productName = SpiceKey;
		};
/* End XCSwiftPackageProductDependency section */
	};
	rootObject = 1C7BAB082282251100B0AAE2 /* Project object */;
}
